// !$*UTF8*$!
{
	archiveVersion = 1;
	classes = {
	};
	objectVersion = 46;
	objects = {

/* Begin PBXBuildFile section */
		8BAA8BBF179411DC0027383A /* MobileCoreServices.framework in Frameworks */ = {isa = PBXBuildFile; fileRef = 8BAA8BBE179411DC0027383A /* MobileCoreServices.framework */; };
		8BAF6B291794038D00091094 /* UIKit.framework in Frameworks */ = {isa = PBXBuildFile; fileRef = 8BAF6B281794038D00091094 /* UIKit.framework */; };
		8BAF6B2B1794038D00091094 /* Foundation.framework in Frameworks */ = {isa = PBXBuildFile; fileRef = 8BAF6B2A1794038D00091094 /* Foundation.framework */; };
		8BAF6B2D1794038D00091094 /* CoreGraphics.framework in Frameworks */ = {isa = PBXBuildFile; fileRef = 8BAF6B2C1794038D00091094 /* CoreGraphics.framework */; };
		8BAF6B331794038E00091094 /* InfoPlist.strings in Resources */ = {isa = PBXBuildFile; fileRef = 8BAF6B311794038E00091094 /* InfoPlist.strings */; };
		8BAF6B351794038E00091094 /* main.m in Sources */ = {isa = PBXBuildFile; fileRef = 8BAF6B341794038E00091094 /* main.m */; };
		8BAF6B391794038E00091094 /* PIAppDelegate.m in Sources */ = {isa = PBXBuildFile; fileRef = 8BAF6B381794038E00091094 /* PIAppDelegate.m */; };
		8BAF6B3B1794038E00091094 /* Default.png in Resources */ = {isa = PBXBuildFile; fileRef = 8BAF6B3A1794038E00091094 /* Default.png */; };
		8BAF6B3D1794038E00091094 /* Default@2x.png in Resources */ = {isa = PBXBuildFile; fileRef = 8BAF6B3C1794038E00091094 /* Default@2x.png */; };
		8BAF6B3F1794038E00091094 /* Default-568h@2x.png in Resources */ = {isa = PBXBuildFile; fileRef = 8BAF6B3E1794038E00091094 /* Default-568h@2x.png */; };
		8BAF6B46179403B500091094 /* AudioToolbox.framework in Frameworks */ = {isa = PBXBuildFile; fileRef = 8BAF6B45179403B500091094 /* AudioToolbox.framework */; };
		8BAF6B4917940D4A00091094 /* PIViewController.m in Sources */ = {isa = PBXBuildFile; fileRef = 8BAF6B4817940D4A00091094 /* PIViewController.m */; };
		8BB883411795333C005B1663 /* AVCamCaptureManager.m in Sources */ = {isa = PBXBuildFile; fileRef = 8BB8833C1795333C005B1663 /* AVCamCaptureManager.m */; };
		8BB883421795333C005B1663 /* AVCamRecorder.m in Sources */ = {isa = PBXBuildFile; fileRef = 8BB8833E1795333C005B1663 /* AVCamRecorder.m */; };
		8BB883431795333C005B1663 /* AVCamUtilities.m in Sources */ = {isa = PBXBuildFile; fileRef = 8BB883401795333C005B1663 /* AVCamUtilities.m */; };
		8BB883451795346B005B1663 /* AssetsLibrary.framework in Frameworks */ = {isa = PBXBuildFile; fileRef = 8BB883441795346B005B1663 /* AssetsLibrary.framework */; };
		8BB88347179534B0005B1663 /* CoreVideo.framework in Frameworks */ = {isa = PBXBuildFile; fileRef = 8BB88346179534B0005B1663 /* CoreVideo.framework */; };
		8BB88349179534B8005B1663 /* CoreMedia.framework in Frameworks */ = {isa = PBXBuildFile; fileRef = 8BB88348179534B8005B1663 /* CoreMedia.framework */; };
		8BB8834B179534C8005B1663 /* ImageIO.framework in Frameworks */ = {isa = PBXBuildFile; fileRef = 8BB8834A179534C8005B1663 /* ImageIO.framework */; };
		8BB8834D179534F9005B1663 /* AVFoundation.framework in Frameworks */ = {isa = PBXBuildFile; fileRef = 8BB8834C179534F9005B1663 /* AVFoundation.framework */; };
		8BB88350179543D8005B1663 /* PIVideoPlayerViewController.m in Sources */ = {isa = PBXBuildFile; fileRef = 8BB8834F179543D8005B1663 /* PIVideoPlayerViewController.m */; };
		8BB88354179544DD005B1663 /* PlayerView.m in Sources */ = {isa = PBXBuildFile; fileRef = 8BB88353179544DD005B1663 /* PlayerView.m */; };
/* End PBXBuildFile section */

/* Begin PBXFileReference section */
		8BAA8BBE179411DC0027383A /* MobileCoreServices.framework */ = {isa = PBXFileReference; lastKnownFileType = wrapper.framework; name = MobileCoreServices.framework; path = System/Library/Frameworks/MobileCoreServices.framework; sourceTree = SDKROOT; };
		8BAF6B251794038D00091094 /* VibrateTest.app */ = {isa = PBXFileReference; explicitFileType = wrapper.application; includeInIndex = 0; path = VibrateTest.app; sourceTree = BUILT_PRODUCTS_DIR; };
		8BAF6B281794038D00091094 /* UIKit.framework */ = {isa = PBXFileReference; lastKnownFileType = wrapper.framework; name = UIKit.framework; path = System/Library/Frameworks/UIKit.framework; sourceTree = SDKROOT; };
		8BAF6B2A1794038D00091094 /* Foundation.framework */ = {isa = PBXFileReference; lastKnownFileType = wrapper.framework; name = Foundation.framework; path = System/Library/Frameworks/Foundation.framework; sourceTree = SDKROOT; };
		8BAF6B2C1794038D00091094 /* CoreGraphics.framework */ = {isa = PBXFileReference; lastKnownFileType = wrapper.framework; name = CoreGraphics.framework; path = System/Library/Frameworks/CoreGraphics.framework; sourceTree = SDKROOT; };
		8BAF6B301794038E00091094 /* VibrateTest-Info.plist */ = {isa = PBXFileReference; lastKnownFileType = text.plist.xml; path = "VibrateTest-Info.plist"; sourceTree = "<group>"; };
		8BAF6B321794038E00091094 /* en */ = {isa = PBXFileReference; lastKnownFileType = text.plist.strings; name = en; path = en.lproj/InfoPlist.strings; sourceTree = "<group>"; };
		8BAF6B341794038E00091094 /* main.m */ = {isa = PBXFileReference; lastKnownFileType = sourcecode.c.objc; path = main.m; sourceTree = "<group>"; };
		8BAF6B361794038E00091094 /* VibrateTest-Prefix.pch */ = {isa = PBXFileReference; lastKnownFileType = sourcecode.c.h; path = "VibrateTest-Prefix.pch"; sourceTree = "<group>"; };
		8BAF6B371794038E00091094 /* PIAppDelegate.h */ = {isa = PBXFileReference; lastKnownFileType = sourcecode.c.h; path = PIAppDelegate.h; sourceTree = "<group>"; };
		8BAF6B381794038E00091094 /* PIAppDelegate.m */ = {isa = PBXFileReference; lastKnownFileType = sourcecode.c.objc; path = PIAppDelegate.m; sourceTree = "<group>"; };
		8BAF6B3A1794038E00091094 /* Default.png */ = {isa = PBXFileReference; lastKnownFileType = image.png; path = Default.png; sourceTree = "<group>"; };
		8BAF6B3C1794038E00091094 /* Default@2x.png */ = {isa = PBXFileReference; lastKnownFileType = image.png; path = "Default@2x.png"; sourceTree = "<group>"; };
		8BAF6B3E1794038E00091094 /* Default-568h@2x.png */ = {isa = PBXFileReference; lastKnownFileType = image.png; path = "Default-568h@2x.png"; sourceTree = "<group>"; };
		8BAF6B45179403B500091094 /* AudioToolbox.framework */ = {isa = PBXFileReference; lastKnownFileType = wrapper.framework; name = AudioToolbox.framework; path = System/Library/Frameworks/AudioToolbox.framework; sourceTree = SDKROOT; };
		8BAF6B4717940D4A00091094 /* PIViewController.h */ = {isa = PBXFileReference; fileEncoding = 4; lastKnownFileType = sourcecode.c.h; path = PIViewController.h; sourceTree = "<group>"; };
		8BAF6B4817940D4A00091094 /* PIViewController.m */ = {isa = PBXFileReference; fileEncoding = 4; lastKnownFileType = sourcecode.c.objc; path = PIViewController.m; sourceTree = "<group>"; };
		8BB8833B1795333C005B1663 /* AVCamCaptureManager.h */ = {isa = PBXFileReference; fileEncoding = 4; lastKnownFileType = sourcecode.c.h; path = AVCamCaptureManager.h; sourceTree = "<group>"; };
		8BB8833C1795333C005B1663 /* AVCamCaptureManager.m */ = {isa = PBXFileReference; fileEncoding = 4; lastKnownFileType = sourcecode.c.objc; path = AVCamCaptureManager.m; sourceTree = "<group>"; };
		8BB8833D1795333C005B1663 /* AVCamRecorder.h */ = {isa = PBXFileReference; fileEncoding = 4; lastKnownFileType = sourcecode.c.h; path = AVCamRecorder.h; sourceTree = "<group>"; };
		8BB8833E1795333C005B1663 /* AVCamRecorder.m */ = {isa = PBXFileReference; fileEncoding = 4; lastKnownFileType = sourcecode.c.objc; path = AVCamRecorder.m; sourceTree = "<group>"; };
		8BB8833F1795333C005B1663 /* AVCamUtilities.h */ = {isa = PBXFileReference; fileEncoding = 4; lastKnownFileType = sourcecode.c.h; path = AVCamUtilities.h; sourceTree = "<group>"; };
		8BB883401795333C005B1663 /* AVCamUtilities.m */ = {isa = PBXFileReference; fileEncoding = 4; lastKnownFileType = sourcecode.c.objc; path = AVCamUtilities.m; sourceTree = "<group>"; };
		8BB883441795346B005B1663 /* AssetsLibrary.framework */ = {isa = PBXFileReference; lastKnownFileType = wrapper.framework; name = AssetsLibrary.framework; path = System/Library/Frameworks/AssetsLibrary.framework; sourceTree = SDKROOT; };
		8BB88346179534B0005B1663 /* CoreVideo.framework */ = {isa = PBXFileReference; lastKnownFileType = wrapper.framework; name = CoreVideo.framework; path = System/Library/Frameworks/CoreVideo.framework; sourceTree = SDKROOT; };
		8BB88348179534B8005B1663 /* CoreMedia.framework */ = {isa = PBXFileReference; lastKnownFileType = wrapper.framework; name = CoreMedia.framework; path = System/Library/Frameworks/CoreMedia.framework; sourceTree = SDKROOT; };
		8BB8834A179534C8005B1663 /* ImageIO.framework */ = {isa = PBXFileReference; lastKnownFileType = wrapper.framework; name = ImageIO.framework; path = System/Library/Frameworks/ImageIO.framework; sourceTree = SDKROOT; };
		8BB8834C179534F9005B1663 /* AVFoundation.framework */ = {isa = PBXFileReference; lastKnownFileType = wrapper.framework; name = AVFoundation.framework; path = System/Library/Frameworks/AVFoundation.framework; sourceTree = SDKROOT; };
		8BB8834E179543D8005B1663 /* PIVideoPlayerViewController.h */ = {isa = PBXFileReference; fileEncoding = 4; lastKnownFileType = sourcecode.c.h; name = PIVideoPlayerViewController.h; path = ../PIVideoPlayerViewController.h; sourceTree = "<group>"; };
		8BB8834F179543D8005B1663 /* PIVideoPlayerViewController.m */ = {isa = PBXFileReference; fileEncoding = 4; lastKnownFileType = sourcecode.c.objc; name = PIVideoPlayerViewController.m; path = ../PIVideoPlayerViewController.m; sourceTree = "<group>"; };
		8BB88352179544DD005B1663 /* PlayerView.h */ = {isa = PBXFileReference; fileEncoding = 4; lastKnownFileType = sourcecode.c.h; path = PlayerView.h; sourceTree = "<group>"; };
		8BB88353179544DD005B1663 /* PlayerView.m */ = {isa = PBXFileReference; fileEncoding = 4; lastKnownFileType = sourcecode.c.objc; path = PlayerView.m; sourceTree = "<group>"; };
/* End PBXFileReference section */

/* Begin PBXFrameworksBuildPhase section */
		8BAF6B221794038D00091094 /* Frameworks */ = {
			isa = PBXFrameworksBuildPhase;
			buildActionMask = 2147483647;
			files = (
				8BB8834D179534F9005B1663 /* AVFoundation.framework in Frameworks */,
				8BB8834B179534C8005B1663 /* ImageIO.framework in Frameworks */,
				8BB88349179534B8005B1663 /* CoreMedia.framework in Frameworks */,
				8BB88347179534B0005B1663 /* CoreVideo.framework in Frameworks */,
				8BB883451795346B005B1663 /* AssetsLibrary.framework in Frameworks */,
				8BAA8BBF179411DC0027383A /* MobileCoreServices.framework in Frameworks */,
				8BAF6B46179403B500091094 /* AudioToolbox.framework in Frameworks */,
				8BAF6B291794038D00091094 /* UIKit.framework in Frameworks */,
				8BAF6B2B1794038D00091094 /* Foundation.framework in Frameworks */,
				8BAF6B2D1794038D00091094 /* CoreGraphics.framework in Frameworks */,
			);
			runOnlyForDeploymentPostprocessing = 0;
		};
/* End PBXFrameworksBuildPhase section */

/* Begin PBXGroup section */
		8BAF6B1C1794038D00091094 = {
			isa = PBXGroup;
			children = (
				8BB88351179544DD005B1663 /* AVPlayerView */,
				8BB8833A1795333C005B1663 /* Camera Utilities */,
				8BAF6B2E1794038D00091094 /* VibrateTest */,
				8BAF6B271794038D00091094 /* Frameworks */,
				8BAF6B261794038D00091094 /* Products */,
			);
			sourceTree = "<group>";
		};
		8BAF6B261794038D00091094 /* Products */ = {
			isa = PBXGroup;
			children = (
				8BAF6B251794038D00091094 /* VibrateTest.app */,
			);
			name = Products;
			sourceTree = "<group>";
		};
		8BAF6B271794038D00091094 /* Frameworks */ = {
			isa = PBXGroup;
			children = (
				8BB8834C179534F9005B1663 /* AVFoundation.framework */,
				8BB8834A179534C8005B1663 /* ImageIO.framework */,
				8BB88348179534B8005B1663 /* CoreMedia.framework */,
				8BB88346179534B0005B1663 /* CoreVideo.framework */,
				8BB883441795346B005B1663 /* AssetsLibrary.framework */,
				8BAA8BBE179411DC0027383A /* MobileCoreServices.framework */,
				8BAF6B45179403B500091094 /* AudioToolbox.framework */,
				8BAF6B281794038D00091094 /* UIKit.framework */,
				8BAF6B2A1794038D00091094 /* Foundation.framework */,
				8BAF6B2C1794038D00091094 /* CoreGraphics.framework */,
			);
			name = Frameworks;
			sourceTree = "<group>";
		};
		8BAF6B2E1794038D00091094 /* VibrateTest */ = {
			isa = PBXGroup;
			children = (
				8BAF6B371794038E00091094 /* PIAppDelegate.h */,
				8BAF6B381794038E00091094 /* PIAppDelegate.m */,
				8BAF6B2F1794038E00091094 /* Supporting Files */,
				8BAF6B4717940D4A00091094 /* PIViewController.h */,
				8BAF6B4817940D4A00091094 /* PIViewController.m */,
				8BB8834E179543D8005B1663 /* PIVideoPlayerViewController.h */,
				8BB8834F179543D8005B1663 /* PIVideoPlayerViewController.m */,
			);
			path = VibrateTest;
			sourceTree = "<group>";
		};
		8BAF6B2F1794038E00091094 /* Supporting Files */ = {
			isa = PBXGroup;
			children = (
				8BAF6B301794038E00091094 /* VibrateTest-Info.plist */,
				8BAF6B311794038E00091094 /* InfoPlist.strings */,
				8BAF6B341794038E00091094 /* main.m */,
				8BAF6B361794038E00091094 /* VibrateTest-Prefix.pch */,
				8BAF6B3A1794038E00091094 /* Default.png */,
				8BAF6B3C1794038E00091094 /* Default@2x.png */,
				8BAF6B3E1794038E00091094 /* Default-568h@2x.png */,
			);
			name = "Supporting Files";
			sourceTree = "<group>";
		};
		8BB8833A1795333C005B1663 /* Camera Utilities */ = {
			isa = PBXGroup;
			children = (
				8BB8833B1795333C005B1663 /* AVCamCaptureManager.h */,
				8BB8833C1795333C005B1663 /* AVCamCaptureManager.m */,
				8BB8833D1795333C005B1663 /* AVCamRecorder.h */,
				8BB8833E1795333C005B1663 /* AVCamRecorder.m */,
				8BB8833F1795333C005B1663 /* AVCamUtilities.h */,
				8BB883401795333C005B1663 /* AVCamUtilities.m */,
			);
			path = "Camera Utilities";
			sourceTree = "<group>";
		};
		8BB88351179544DD005B1663 /* AVPlayerView */ = {
			isa = PBXGroup;
			children = (
				8BB88352179544DD005B1663 /* PlayerView.h */,
				8BB88353179544DD005B1663 /* PlayerView.m */,
			);
			path = AVPlayerView;
			sourceTree = "<group>";
		};
/* End PBXGroup section */

/* Begin PBXNativeTarget section */
		8BAF6B241794038D00091094 /* VibrateTest */ = {
			isa = PBXNativeTarget;
			buildConfigurationList = 8BAF6B421794038E00091094 /* Build configuration list for PBXNativeTarget "VibrateTest" */;
			buildPhases = (
				8BAF6B211794038D00091094 /* Sources */,
				8BAF6B221794038D00091094 /* Frameworks */,
				8BAF6B231794038D00091094 /* Resources */,
			);
			buildRules = (
			);
			dependencies = (
			);
			name = VibrateTest;
			productName = VibrateTest;
			productReference = 8BAF6B251794038D00091094 /* VibrateTest.app */;
			productType = "com.apple.product-type.application";
		};
/* End PBXNativeTarget section */

/* Begin PBXProject section */
		8BAF6B1D1794038D00091094 /* Project object */ = {
			isa = PBXProject;
			attributes = {
				CLASSPREFIX = PI;
				LastUpgradeCheck = 0460;
				ORGANIZATIONNAME = pavan_saberjack;
			};
			buildConfigurationList = 8BAF6B201794038D00091094 /* Build configuration list for PBXProject "VibrateTest" */;
			compatibilityVersion = "Xcode 3.2";
			developmentRegion = English;
			hasScannedForEncodings = 0;
			knownRegions = (
				en,
			);
			mainGroup = 8BAF6B1C1794038D00091094;
			productRefGroup = 8BAF6B261794038D00091094 /* Products */;
			projectDirPath = "";
			projectRoot = "";
			targets = (
				8BAF6B241794038D00091094 /* VibrateTest */,
			);
		};
/* End PBXProject section */

/* Begin PBXResourcesBuildPhase section */
		8BAF6B231794038D00091094 /* Resources */ = {
			isa = PBXResourcesBuildPhase;
			buildActionMask = 2147483647;
			files = (
				8BAF6B331794038E00091094 /* InfoPlist.strings in Resources */,
				8BAF6B3B1794038E00091094 /* Default.png in Resources */,
				8BAF6B3D1794038E00091094 /* Default@2x.png in Resources */,
				8BAF6B3F1794038E00091094 /* Default-568h@2x.png in Resources */,
			);
			runOnlyForDeploymentPostprocessing = 0;
		};
/* End PBXResourcesBuildPhase section */

/* Begin PBXSourcesBuildPhase section */
		8BAF6B211794038D00091094 /* Sources */ = {
			isa = PBXSourcesBuildPhase;
			buildActionMask = 2147483647;
			files = (
				8BAF6B351794038E00091094 /* main.m in Sources */,
				8BAF6B391794038E00091094 /* PIAppDelegate.m in Sources */,
				8BAF6B4917940D4A00091094 /* PIViewController.m in Sources */,
				8BB883411795333C005B1663 /* AVCamCaptureManager.m in Sources */,
				8BB883421795333C005B1663 /* AVCamRecorder.m in Sources */,
				8BB883431795333C005B1663 /* AVCamUtilities.m in Sources */,
				8BB88350179543D8005B1663 /* PIVideoPlayerViewController.m in Sources */,
				8BB88354179544DD005B1663 /* PlayerView.m in Sources */,
			);
			runOnlyForDeploymentPostprocessing = 0;
		};
/* End PBXSourcesBuildPhase section */

/* Begin PBXVariantGroup section */
		8BAF6B311794038E00091094 /* InfoPlist.strings */ = {
			isa = PBXVariantGroup;
			children = (
				8BAF6B321794038E00091094 /* en */,
			);
			name = InfoPlist.strings;
			sourceTree = "<group>";
		};
/* End PBXVariantGroup section */

/* Begin XCBuildConfiguration section */
		8BAF6B401794038E00091094 /* Debug */ = {
			isa = XCBuildConfiguration;
			buildSettings = {
				ALWAYS_SEARCH_USER_PATHS = NO;
				CLANG_CXX_LANGUAGE_STANDARD = "gnu++0x";
				CLANG_CXX_LIBRARY = "libc++";
				CLANG_WARN_CONSTANT_CONVERSION = YES;
				CLANG_WARN_EMPTY_BODY = YES;
				CLANG_WARN_ENUM_CONVERSION = YES;
				CLANG_WARN_INT_CONVERSION = YES;
				CLANG_WARN__DUPLICATE_METHOD_MATCH = YES;
				"CODE_SIGN_IDENTITY[sdk=iphoneos*]" = "iPhone Developer";
				COPY_PHASE_STRIP = NO;
				GCC_C_LANGUAGE_STANDARD = gnu99;
				GCC_DYNAMIC_NO_PIC = NO;
				GCC_OPTIMIZATION_LEVEL = 0;
				GCC_PREPROCESSOR_DEFINITIONS = (
					"DEBUG=1",
					"$(inherited)",
				);
				GCC_SYMBOLS_PRIVATE_EXTERN = NO;
				GCC_WARN_ABOUT_RETURN_TYPE = YES;
				GCC_WARN_UNINITIALIZED_AUTOS = YES;
				GCC_WARN_UNUSED_VARIABLE = YES;
				IPHONEOS_DEPLOYMENT_TARGET = 6.1;
				ONLY_ACTIVE_ARCH = YES;
				SDKROOT = iphoneos;
			};
			name = Debug;
		};
		8BAF6B411794038E00091094 /* Release */ = {
			isa = XCBuildConfiguration;
			buildSettings = {
				ALWAYS_SEARCH_USER_PATHS = NO;
				CLANG_CXX_LANGUAGE_STANDARD = "gnu++0x";
				CLANG_CXX_LIBRARY = "libc++";
				CLANG_WARN_CONSTANT_CONVERSION = YES;
				CLANG_WARN_EMPTY_BODY = YES;
				CLANG_WARN_ENUM_CONVERSION = YES;
				CLANG_WARN_INT_CONVERSION = YES;
				CLANG_WARN__DUPLICATE_METHOD_MATCH = YES;
				"CODE_SIGN_IDENTITY[sdk=iphoneos*]" = "iPhone Developer";
				COPY_PHASE_STRIP = YES;
				GCC_C_LANGUAGE_STANDARD = gnu99;
				GCC_WARN_ABOUT_RETURN_TYPE = YES;
				GCC_WARN_UNINITIALIZED_AUTOS = YES;
				GCC_WARN_UNUSED_VARIABLE = YES;
				IPHONEOS_DEPLOYMENT_TARGET = 6.1;
				OTHER_CFLAGS = "-DNS_BLOCK_ASSERTIONS=1";
				SDKROOT = iphoneos;
				VALIDATE_PRODUCT = YES;
			};
			name = Release;
		};
		8BAF6B431794038E00091094 /* Debug */ = {
			isa = XCBuildConfiguration;
			buildSettings = {
				GCC_PRECOMPILE_PREFIX_HEADER = YES;
				GCC_PREFIX_HEADER = "VibrateTest/VibrateTest-Prefix.pch";
				INFOPLIST_FILE = "VibrateTest/VibrateTest-Info.plist";
				IPHONEOS_DEPLOYMENT_TARGET = 5.0;
				PRODUCT_NAME = "$(TARGET_NAME)";
				WRAPPER_EXTENSION = app;
			};
			name = Debug;
		};
		8BAF6B441794038E00091094 /* Release */ = {
			isa = XCBuildConfiguration;
			buildSettings = {
				GCC_PRECOMPILE_PREFIX_HEADER = YES;
				GCC_PREFIX_HEADER = "VibrateTest/VibrateTest-Prefix.pch";
				INFOPLIST_FILE = "VibrateTest/VibrateTest-Info.plist";
				IPHONEOS_DEPLOYMENT_TARGET = 5.0;
				PRODUCT_NAME = "$(TARGET_NAME)";
				WRAPPER_EXTENSION = app;
			};
			name = Release;
		};
/* End XCBuildConfiguration section */

/* Begin XCConfigurationList section */
		8BAF6B201794038D00091094 /* Build configuration list for PBXProject "VibrateTest" */ = {
			isa = XCConfigurationList;
			buildConfigurations = (
				8BAF6B401794038E00091094 /* Debug */,
				8BAF6B411794038E00091094 /* Release */,
			);
			defaultConfigurationIsVisible = 0;
			defaultConfigurationName = Release;
		};
		8BAF6B421794038E00091094 /* Build configuration list for PBXNativeTarget "VibrateTest" */ = {
			isa = XCConfigurationList;
			buildConfigurations = (
				8BAF6B431794038E00091094 /* Debug */,
				8BAF6B441794038E00091094 /* Release */,
			);
			defaultConfigurationIsVisible = 0;
			defaultConfigurationName = Release;
		};
/* End XCConfigurationList section */
	};
	rootObject = 8BAF6B1D1794038D00091094 /* Project object */;
}
